
Microsoft Visual Studio Solution File, Format Version 12.00
# Visual Studio 15
VisualStudioVersion = 15.0.26228.9
MinimumVisualStudioVersion = 10.0.40219.1
Project("{FAE04EC0-301F-11D3-BF4B-00C04F79EFBC}") = "Lab_2.4b", "Lab_2.4b\Lab_2.4b.csproj", "{0916AE80-CA93-4BED-AE89-B2A2B4BB9080}"
EndProject
Global
	GlobalSection(SolutionConfigurationPlatforms) = preSolution
		Debug|Any CPU = Debug|Any CPU
		Release|Any CPU = Release|Any CPU
	EndGlobalSection
	GlobalSection(ProjectConfigurationPlatforms) = postSolution
		{0916AE80-CA93-4BED-AE89-B2A2B4BB9080}.Debug|Any CPU.ActiveCfg = Debug|Any CPU
		{0916AE80-CA93-4BED-AE89-B2A2B4BB9080}.Debug|Any CPU.Build.0 = Debug|Any CPU
		{0916AE80-CA93-4BED-AE89-B2A2B4BB9080}.Release|Any CPU.ActiveCfg = Release|Any CPU
		{0916AE80-CA93-4BED-AE89-B2A2B4BB9080}.Release|Any CPU.Build.0 = Release|Any CPU
	EndGlobalSection
	GlobalSection(SolutionProperties) = preSolution
		HideSolutionNode = FALSE
	EndGlobalSection
EndGlobal
